
Microsoft Visual Studio Solution File, Format Version 12.00
# Visual Studio Version 17
VisualStudioVersion = 17.7.34221.43
MinimumVisualStudioVersion = 10.0.40219.1
Project("{FAE04EC0-301F-11D3-BF4B-00C04F79EFBC}") = "IIproyecto", "IIproyecto.csproj", "{04279C05-CECD-4F3E-BEF6-7E1FDC1B990F}"
EndProject
Global
	GlobalSection(SolutionConfigurationPlatforms) = preSolution
		Debug|Any CPU = Debug|Any CPU
		Release|Any CPU = Release|Any CPU
	EndGlobalSection
	GlobalSection(ProjectConfigurationPlatforms) = postSolution
		{04279C05-CECD-4F3E-BEF6-7E1FDC1B990F}.Debug|Any CPU.ActiveCfg = Debug|Any CPU
		{04279C05-CECD-4F3E-BEF6-7E1FDC1B990F}.Debug|Any CPU.Build.0 = Debug|Any CPU
		{04279C05-CECD-4F3E-BEF6-7E1FDC1B990F}.Release|Any CPU.ActiveCfg = Release|Any CPU
		{04279C05-CECD-4F3E-BEF6-7E1FDC1B990F}.Release|Any CPU.Build.0 = Release|Any CPU
	EndGlobalSection
	GlobalSection(SolutionProperties) = preSolution
		HideSolutionNode = FALSE
	EndGlobalSection
	GlobalSection(ExtensibilityGlobals) = postSolution
		SolutionGuid = {54FB9141-ACD6-4C21-8707-E887877AC7CC}
	EndGlobalSection
EndGlobal
